// !$*UTF8*$!
{
	archiveVersion = 1;
	classes = {
	};
	objectVersion = 50;
	objects = {

/* Begin PBXBuildFile section */
		5CE3AA93245853A400B33CEF /* AppDelegate.swift in Sources */ = {isa = PBXBuildFile; fileRef = 5CE3AA92245853A400B33CEF /* AppDelegate.swift */; };
		5CE3AA95245853A400B33CEF /* SceneDelegate.swift in Sources */ = {isa = PBXBuildFile; fileRef = 5CE3AA94245853A400B33CEF /* SceneDelegate.swift */; };
		5CE3AA97245853A400B33CEF /* ViewController.swift in Sources */ = {isa = PBXBuildFile; fileRef = 5CE3AA96245853A400B33CEF /* ViewController.swift */; };
		5CE3AA9A245853A400B33CEF /* Main.storyboard in Resources */ = {isa = PBXBuildFile; fileRef = 5CE3AA98245853A400B33CEF /* Main.storyboard */; };
		5CE3AA9C245853A600B33CEF /* Assets.xcassets in Resources */ = {isa = PBXBuildFile; fileRef = 5CE3AA9B245853A600B33CEF /* Assets.xcassets */; };
		5CE3AA9F245853A600B33CEF /* LaunchScreen.storyboard in Resources */ = {isa = PBXBuildFile; fileRef = 5CE3AA9D245853A600B33CEF /* LaunchScreen.storyboard */; };
		5CE3AAAA245853A600B33CEF /* TheMovieDBTests.swift in Sources */ = {isa = PBXBuildFile; fileRef = 5CE3AAA9245853A600B33CEF /* TheMovieDBTests.swift */; };
		5CE3AAB5245853A600B33CEF /* TheMovieDBUITests.swift in Sources */ = {isa = PBXBuildFile; fileRef = 5CE3AAB4245853A600B33CEF /* TheMovieDBUITests.swift */; };
/* End PBXBuildFile section */

/* Begin PBXContainerItemProxy section */
		5CE3AAA6245853A600B33CEF /* PBXContainerItemProxy */ = {
			isa = PBXContainerItemProxy;
			containerPortal = 5CE3AA87245853A400B33CEF /* Project object */;
			proxyType = 1;
			remoteGlobalIDString = 5CE3AA8E245853A400B33CEF;
			remoteInfo = TheMovieDB;
		};
		5CE3AAB1245853A600B33CEF /* PBXContainerItemProxy */ = {
			isa = PBXContainerItemProxy;
			containerPortal = 5CE3AA87245853A400B33CEF /* Project object */;
			proxyType = 1;
			remoteGlobalIDString = 5CE3AA8E245853A400B33CEF;
			remoteInfo = TheMovieDB;
		};
/* End PBXContainerItemProxy section */

/* Begin PBXFileReference section */
		5CE3AA8F245853A400B33CEF /* TheMovieDB.app */ = {isa = PBXFileReference; explicitFileType = wrapper.application; includeInIndex = 0; path = TheMovieDB.app; sourceTree = BUILT_PRODUCTS_DIR; };
		5CE3AA92245853A400B33CEF /* AppDelegate.swift */ = {isa = PBXFileReference; lastKnownFileType = sourcecode.swift; path = AppDelegate.swift; sourceTree = "<group>"; };
		5CE3AA94245853A400B33CEF /* SceneDelegate.swift */ = {isa = PBXFileReference; lastKnownFileType = sourcecode.swift; path = SceneDelegate.swift; sourceTree = "<group>"; };
		5CE3AA96245853A400B33CEF /* ViewController.swift */ = {isa = PBXFileReference; lastKnownFileType = sourcecode.swift; path = ViewController.swift; sourceTree = "<group>"; };
		5CE3AA99245853A400B33CEF /* Base */ = {isa = PBXFileReference; lastKnownFileType = file.storyboard; name = Base; path = Base.lproj/Main.storyboard; sourceTree = "<group>"; };
		5CE3AA9B245853A600B33CEF /* Assets.xcassets */ = {isa = PBXFileReference; lastKnownFileType = folder.assetcatalog; path = Assets.xcassets; sourceTree = "<group>"; };
		5CE3AA9E245853A600B33CEF /* Base */ = {isa = PBXFileReference; lastKnownFileType = file.storyboard; name = Base; path = Base.lproj/LaunchScreen.storyboard; sourceTree = "<group>"; };
		5CE3AAA0245853A600B33CEF /* Info.plist */ = {isa = PBXFileReference; lastKnownFileType = text.plist.xml; path = Info.plist; sourceTree = "<group>"; };
		5CE3AAA5245853A600B33CEF /* TheMovieDBTests.xctest */ = {isa = PBXFileReference; explicitFileType = wrapper.cfbundle; includeInIndex = 0; path = TheMovieDBTests.xctest; sourceTree = BUILT_PRODUCTS_DIR; };
		5CE3AAA9245853A600B33CEF /* TheMovieDBTests.swift */ = {isa = PBXFileReference; lastKnownFileType = sourcecode.swift; path = TheMovieDBTests.swift; sourceTree = "<group>"; };
		5CE3AAAB245853A600B33CEF /* Info.plist */ = {isa = PBXFileReference; lastKnownFileType = text.plist.xml; path = Info.plist; sourceTree = "<group>"; };
		5CE3AAB0245853A600B33CEF /* TheMovieDBUITests.xctest */ = {isa = PBXFileReference; explicitFileType = wrapper.cfbundle; includeInIndex = 0; path = TheMovieDBUITests.xctest; sourceTree = BUILT_PRODUCTS_DIR; };
		5CE3AAB4245853A600B33CEF /* TheMovieDBUITests.swift */ = {isa = PBXFileReference; lastKnownFileType = sourcecode.swift; path = TheMovieDBUITests.swift; sourceTree = "<group>"; };
		5CE3AAB6245853A600B33CEF /* Info.plist */ = {isa = PBXFileReference; lastKnownFileType = text.plist.xml; path = Info.plist; sourceTree = "<group>"; };
/* End PBXFileReference section */

/* Begin PBXFrameworksBuildPhase section */
		5CE3AA8C245853A400B33CEF /* Frameworks */ = {
			isa = PBXFrameworksBuildPhase;
			buildActionMask = 2147483647;
			files = (
			);
			runOnlyForDeploymentPostprocessing = 0;
		};
		5CE3AAA2245853A600B33CEF /* Frameworks */ = {
			isa = PBXFrameworksBuildPhase;
			buildActionMask = 2147483647;
			files = (
			);
			runOnlyForDeploymentPostprocessing = 0;
		};
		5CE3AAAD245853A600B33CEF /* Frameworks */ = {
			isa = PBXFrameworksBuildPhase;
			buildActionMask = 2147483647;
			files = (
			);
			runOnlyForDeploymentPostprocessing = 0;
		};
/* End PBXFrameworksBuildPhase section */

/* Begin PBXGroup section */
		5CE3AA86245853A400B33CEF = {
			isa = PBXGroup;
			children = (
				5CE3AA91245853A400B33CEF /* TheMovieDB */,
				5CE3AAA8245853A600B33CEF /* TheMovieDBTests */,
				5CE3AAB3245853A600B33CEF /* TheMovieDBUITests */,
				5CE3AA90245853A400B33CEF /* Products */,
			);
			sourceTree = "<group>";
		};
		5CE3AA90245853A400B33CEF /* Products */ = {
			isa = PBXGroup;
			children = (
				5CE3AA8F245853A400B33CEF /* TheMovieDB.app */,
				5CE3AAA5245853A600B33CEF /* TheMovieDBTests.xctest */,
				5CE3AAB0245853A600B33CEF /* TheMovieDBUITests.xctest */,
			);
			name = Products;
			sourceTree = "<group>";
		};
		5CE3AA91245853A400B33CEF /* TheMovieDB */ = {
			isa = PBXGroup;
			children = (
				5CE3AA92245853A400B33CEF /* AppDelegate.swift */,
				5CE3AA94245853A400B33CEF /* SceneDelegate.swift */,
				5CE3AA96245853A400B33CEF /* ViewController.swift */,
				5CE3AA98245853A400B33CEF /* Main.storyboard */,
				5CE3AA9B245853A600B33CEF /* Assets.xcassets */,
				5CE3AA9D245853A600B33CEF /* LaunchScreen.storyboard */,
				5CE3AAA0245853A600B33CEF /* Info.plist */,
			);
			path = TheMovieDB;
			sourceTree = "<group>";
		};
		5CE3AAA8245853A600B33CEF /* TheMovieDBTests */ = {
			isa = PBXGroup;
			children = (
				5CE3AAA9245853A600B33CEF /* TheMovieDBTests.swift */,
				5CE3AAAB245853A600B33CEF /* Info.plist */,
			);
			path = TheMovieDBTests;
			sourceTree = "<group>";
		};
		5CE3AAB3245853A600B33CEF /* TheMovieDBUITests */ = {
			isa = PBXGroup;
			children = (
				5CE3AAB4245853A600B33CEF /* TheMovieDBUITests.swift */,
				5CE3AAB6245853A600B33CEF /* Info.plist */,
			);
			path = TheMovieDBUITests;
			sourceTree = "<group>";
		};
/* End PBXGroup section */

/* Begin PBXNativeTarget section */
		5CE3AA8E245853A400B33CEF /* TheMovieDB */ = {
			isa = PBXNativeTarget;
			buildConfigurationList = 5CE3AAB9245853A600B33CEF /* Build configuration list for PBXNativeTarget "TheMovieDB" */;
			buildPhases = (
				5CE3AA8B245853A400B33CEF /* Sources */,
				5CE3AA8C245853A400B33CEF /* Frameworks */,
				5CE3AA8D245853A400B33CEF /* Resources */,
			);
			buildRules = (
			);
			dependencies = (
			);
			name = TheMovieDB;
			productName = TheMovieDB;
			productReference = 5CE3AA8F245853A400B33CEF /* TheMovieDB.app */;
			productType = "com.apple.product-type.application";
		};
		5CE3AAA4245853A600B33CEF /* TheMovieDBTests */ = {
			isa = PBXNativeTarget;
			buildConfigurationList = 5CE3AABC245853A600B33CEF /* Build configuration list for PBXNativeTarget "TheMovieDBTests" */;
			buildPhases = (
				5CE3AAA1245853A600B33CEF /* Sources */,
				5CE3AAA2245853A600B33CEF /* Frameworks */,
				5CE3AAA3245853A600B33CEF /* Resources */,
			);
			buildRules = (
			);
			dependencies = (
				5CE3AAA7245853A600B33CEF /* PBXTargetDependency */,
			);
			name = TheMovieDBTests;
			productName = TheMovieDBTests;
			productReference = 5CE3AAA5245853A600B33CEF /* TheMovieDBTests.xctest */;
			productType = "com.apple.product-type.bundle.unit-test";
		};
		5CE3AAAF245853A600B33CEF /* TheMovieDBUITests */ = {
			isa = PBXNativeTarget;
			buildConfigurationList = 5CE3AABF245853A600B33CEF /* Build configuration list for PBXNativeTarget "TheMovieDBUITests" */;
			buildPhases = (
				5CE3AAAC245853A600B33CEF /* Sources */,
				5CE3AAAD245853A600B33CEF /* Frameworks */,
				5CE3AAAE245853A600B33CEF /* Resources */,
			);
			buildRules = (
			);
			dependencies = (
				5CE3AAB2245853A600B33CEF /* PBXTargetDependency */,
			);
			name = TheMovieDBUITests;
			productName = TheMovieDBUITests;
			productReference = 5CE3AAB0245853A600B33CEF /* TheMovieDBUITests.xctest */;
			productType = "com.apple.product-type.bundle.ui-testing";
		};
/* End PBXNativeTarget section */

/* Begin PBXProject section */
		5CE3AA87245853A400B33CEF /* Project object */ = {
			isa = PBXProject;
			attributes = {
				LastSwiftUpdateCheck = 1130;
				LastUpgradeCheck = 1130;
				ORGANIZATIONNAME = "Dedy Yuristiawan";
				TargetAttributes = {
					5CE3AA8E245853A400B33CEF = {
						CreatedOnToolsVersion = 11.3;
					};
					5CE3AAA4245853A600B33CEF = {
						CreatedOnToolsVersion = 11.3;
						TestTargetID = 5CE3AA8E245853A400B33CEF;
					};
					5CE3AAAF245853A600B33CEF = {
						CreatedOnToolsVersion = 11.3;
						TestTargetID = 5CE3AA8E245853A400B33CEF;
					};
				};
			};
			buildConfigurationList = 5CE3AA8A245853A400B33CEF /* Build configuration list for PBXProject "TheMovieDB" */;
			compatibilityVersion = "Xcode 9.3";
			developmentRegion = en;
			hasScannedForEncodings = 0;
			knownRegions = (
				en,
				Base,
			);
			mainGroup = 5CE3AA86245853A400B33CEF;
			productRefGroup = 5CE3AA90245853A400B33CEF /* Products */;
			projectDirPath = "";
			projectRoot = "";
			targets = (
				5CE3AA8E245853A400B33CEF /* TheMovieDB */,
				5CE3AAA4245853A600B33CEF /* TheMovieDBTests */,
				5CE3AAAF245853A600B33CEF /* TheMovieDBUITests */,
			);
		};
/* End PBXProject section */

/* Begin PBXResourcesBuildPhase section */
		5CE3AA8D245853A400B33CEF /* Resources */ = {
			isa = PBXResourcesBuildPhase;
			buildActionMask = 2147483647;
			files = (
				5CE3AA9F245853A600B33CEF /* LaunchScreen.storyboard in Resources */,
				5CE3AA9C245853A600B33CEF /* Assets.xcassets in Resources */,
				5CE3AA9A245853A400B33CEF /* Main.storyboard in Resources */,
			);
			runOnlyForDeploymentPostprocessing = 0;
		};
		5CE3AAA3245853A600B33CEF /* Resources */ = {
			isa = PBXResourcesBuildPhase;
			buildActionMask = 2147483647;
			files = (
			);
			runOnlyForDeploymentPostprocessing = 0;
		};
		5CE3AAAE245853A600B33CEF /* Resources */ = {
			isa = PBXResourcesBuildPhase;
			buildActionMask = 2147483647;
			files = (
			);
			runOnlyForDeploymentPostprocessing = 0;
		};
/* End PBXResourcesBuildPhase section */

/* Begin PBXSourcesBuildPhase section */
		5CE3AA8B245853A400B33CEF /* Sources */ = {
			isa = PBXSourcesBuildPhase;
			buildActionMask = 2147483647;
			files = (
				5CE3AA97245853A400B33CEF /* ViewController.swift in Sources */,
				5CE3AA93245853A400B33CEF /* AppDelegate.swift in Sources */,
				5CE3AA95245853A400B33CEF /* SceneDelegate.swift in Sources */,
			);
			runOnlyForDeploymentPostprocessing = 0;
		};
		5CE3AAA1245853A600B33CEF /* Sources */ = {
			isa = PBXSourcesBuildPhase;
			buildActionMask = 2147483647;
			files = (
				5CE3AAAA245853A600B33CEF /* TheMovieDBTests.swift in Sources */,
			);
			runOnlyForDeploymentPostprocessing = 0;
		};
		5CE3AAAC245853A600B33CEF /* Sources */ = {
			isa = PBXSourcesBuildPhase;
			buildActionMask = 2147483647;
			files = (
				5CE3AAB5245853A600B33CEF /* TheMovieDBUITests.swift in Sources */,
			);
			runOnlyForDeploymentPostprocessing = 0;
		};
/* End PBXSourcesBuildPhase section */

/* Begin PBXTargetDependency section */
		5CE3AAA7245853A600B33CEF /* PBXTargetDependency */ = {
			isa = PBXTargetDependency;
			target = 5CE3AA8E245853A400B33CEF /* TheMovieDB */;
			targetProxy = 5CE3AAA6245853A600B33CEF /* PBXContainerItemProxy */;
		};
		5CE3AAB2245853A600B33CEF /* PBXTargetDependency */ = {
			isa = PBXTargetDependency;
			target = 5CE3AA8E245853A400B33CEF /* TheMovieDB */;
			targetProxy = 5CE3AAB1245853A600B33CEF /* PBXContainerItemProxy */;
		};
/* End PBXTargetDependency section */

/* Begin PBXVariantGroup section */
		5CE3AA98245853A400B33CEF /* Main.storyboard */ = {
			isa = PBXVariantGroup;
			children = (
				5CE3AA99245853A400B33CEF /* Base */,
			);
			name = Main.storyboard;
			sourceTree = "<group>";
		};
		5CE3AA9D245853A600B33CEF /* LaunchScreen.storyboard */ = {
			isa = PBXVariantGroup;
			children = (
				5CE3AA9E245853A600B33CEF /* Base */,
			);
			name = LaunchScreen.storyboard;
			sourceTree = "<group>";
		};
/* End PBXVariantGroup section */

/* Begin XCBuildConfiguration section */
		5CE3AAB7245853A600B33CEF /* Debug */ = {
			isa = XCBuildConfiguration;
			buildSettings = {
				ALWAYS_SEARCH_USER_PATHS = NO;
				CLANG_ANALYZER_NONNULL = YES;
				CLANG_ANALYZER_NUMBER_OBJECT_CONVERSION = YES_AGGRESSIVE;
				CLANG_CXX_LANGUAGE_STANDARD = "gnu++14";
				CLANG_CXX_LIBRARY = "libc++";
				CLANG_ENABLE_MODULES = YES;
				CLANG_ENABLE_OBJC_ARC = YES;
				CLANG_ENABLE_OBJC_WEAK = YES;
				CLANG_WARN_BLOCK_CAPTURE_AUTORELEASING = YES;
				CLANG_WARN_BOOL_CONVERSION = YES;
				CLANG_WARN_COMMA = YES;
				CLANG_WARN_CONSTANT_CONVERSION = YES;
				CLANG_WARN_DEPRECATED_OBJC_IMPLEMENTATIONS = YES;
				CLANG_WARN_DIRECT_OBJC_ISA_USAGE = YES_ERROR;
				CLANG_WARN_DOCUMENTATION_COMMENTS = YES;
				CLANG_WARN_EMPTY_BODY = YES;
				CLANG_WARN_ENUM_CONVERSION = YES;
				CLANG_WARN_INFINITE_RECURSION = YES;
				CLANG_WARN_INT_CONVERSION = YES;
				CLANG_WARN_NON_LITERAL_NULL_CONVERSION = YES;
				CLANG_WARN_OBJC_IMPLICIT_RETAIN_SELF = YES;
				CLANG_WARN_OBJC_LITERAL_CONVERSION = YES;
				CLANG_WARN_OBJC_ROOT_CLASS = YES_ERROR;
				CLANG_WARN_RANGE_LOOP_ANALYSIS = YES;
				CLANG_WARN_STRICT_PROTOTYPES = YES;
				CLANG_WARN_SUSPICIOUS_MOVE = YES;
				CLANG_WARN_UNGUARDED_AVAILABILITY = YES_AGGRESSIVE;
				CLANG_WARN_UNREACHABLE_CODE = YES;
				CLANG_WARN__DUPLICATE_METHOD_MATCH = YES;
				COPY_PHASE_STRIP = NO;
				DEBUG_INFORMATION_FORMAT = dwarf;
				ENABLE_STRICT_OBJC_MSGSEND = YES;
				ENABLE_TESTABILITY = YES;
				GCC_C_LANGUAGE_STANDARD = gnu11;
				GCC_DYNAMIC_NO_PIC = NO;
				GCC_NO_COMMON_BLOCKS = YES;
				GCC_OPTIMIZATION_LEVEL = 0;
				GCC_PREPROCESSOR_DEFINITIONS = (
					"DEBUG=1",
					"$(inherited)",
				);
				GCC_WARN_64_TO_32_BIT_CONVERSION = YES;
				GCC_WARN_ABOUT_RETURN_TYPE = YES_ERROR;
				GCC_WARN_UNDECLARED_SELECTOR = YES;
				GCC_WARN_UNINITIALIZED_AUTOS = YES_AGGRESSIVE;
				GCC_WARN_UNUSED_FUNCTION = YES;
				GCC_WARN_UNUSED_VARIABLE = YES;
				IPHONEOS_DEPLOYMENT_TARGET = 13.2;
				MTL_ENABLE_DEBUG_INFO = INCLUDE_SOURCE;
				MTL_FAST_MATH = YES;
				ONLY_ACTIVE_ARCH = YES;
				SDKROOT = iphoneos;
				SWIFT_ACTIVE_COMPILATION_CONDITIONS = DEBUG;
				SWIFT_OPTIMIZATION_LEVEL = "-Onone";
			};
			name = Debug;
		};
		5CE3AAB8245853A600B33CEF /* Release */ = {
			isa = XCBuildConfiguration;
			buildSettings = {
				ALWAYS_SEARCH_USER_PATHS = NO;
				CLANG_ANALYZER_NONNULL = YES;
				CLANG_ANALYZER_NUMBER_OBJECT_CONVERSION = YES_AGGRESSIVE;
				CLANG_CXX_LANGUAGE_STANDARD = "gnu++14";
				CLANG_CXX_LIBRARY = "libc++";
				CLANG_ENABLE_MODULES = YES;
				CLANG_ENABLE_OBJC_ARC = YES;
				CLANG_ENABLE_OBJC_WEAK = YES;
				CLANG_WARN_BLOCK_CAPTURE_AUTORELEASING = YES;
				CLANG_WARN_BOOL_CONVERSION = YES;
				CLANG_WARN_COMMA = YES;
				CLANG_WARN_CONSTANT_CONVERSION = YES;
				CLANG_WARN_DEPRECATED_OBJC_IMPLEMENTATIONS = YES;
				CLANG_WARN_DIRECT_OBJC_ISA_USAGE = YES_ERROR;
				CLANG_WARN_DOCUMENTATION_COMMENTS = YES;
				CLANG_WARN_EMPTY_BODY = YES;
				CLANG_WARN_ENUM_CONVERSION = YES;
				CLANG_WARN_INFINITE_RECURSION = YES;
				CLANG_WARN_INT_CONVERSION = YES;
				CLANG_WARN_NON_LITERAL_NULL_CONVERSION = YES;
				CLANG_WARN_OBJC_IMPLICIT_RETAIN_SELF = YES;
				CLANG_WARN_OBJC_LITERAL_CONVERSION = YES;
				CLANG_WARN_OBJC_ROOT_CLASS = YES_ERROR;
				CLANG_WARN_RANGE_LOOP_ANALYSIS = YES;
				CLANG_WARN_STRICT_PROTOTYPES = YES;
				CLANG_WARN_SUSPICIOUS_MOVE = YES;
				CLANG_WARN_UNGUARDED_AVAILABILITY = YES_AGGRESSIVE;
				CLANG_WARN_UNREACHABLE_CODE = YES;
				CLANG_WARN__DUPLICATE_METHOD_MATCH = YES;
				COPY_PHASE_STRIP = NO;
				DEBUG_INFORMATION_FORMAT = "dwarf-with-dsym";
				ENABLE_NS_ASSERTIONS = NO;
				ENABLE_STRICT_OBJC_MSGSEND = YES;
				GCC_C_LANGUAGE_STANDARD = gnu11;
				GCC_NO_COMMON_BLOCKS = YES;
				GCC_WARN_64_TO_32_BIT_CONVERSION = YES;
				GCC_WARN_ABOUT_RETURN_TYPE = YES_ERROR;
				GCC_WARN_UNDECLARED_SELECTOR = YES;
				GCC_WARN_UNINITIALIZED_AUTOS = YES_AGGRESSIVE;
				GCC_WARN_UNUSED_FUNCTION = YES;
				GCC_WARN_UNUSED_VARIABLE = YES;
				IPHONEOS_DEPLOYMENT_TARGET = 13.2;
				MTL_ENABLE_DEBUG_INFO = NO;
				MTL_FAST_MATH = YES;
				SDKROOT = iphoneos;
				SWIFT_COMPILATION_MODE = wholemodule;
				SWIFT_OPTIMIZATION_LEVEL = "-O";
				VALIDATE_PRODUCT = YES;
			};
			name = Release;
		};
		5CE3AABA245853A600B33CEF /* Debug */ = {
			isa = XCBuildConfiguration;
			buildSettings = {
				ASSETCATALOG_COMPILER_APPICON_NAME = AppIcon;
				CODE_SIGN_STYLE = Automatic;
				DEVELOPMENT_TEAM = 52CL477F5B;
				INFOPLIST_FILE = TheMovieDB/Info.plist;
				LD_RUNPATH_SEARCH_PATHS = (
					"$(inherited)",
					"@executable_path/Frameworks",
				);
				PRODUCT_BUNDLE_IDENTIFIER = com.parallaxspaces.TheMovieDB;
				PRODUCT_NAME = "$(TARGET_NAME)";
				SWIFT_VERSION = 5.0;
				TARGETED_DEVICE_FAMILY = "1,2";
			};
			name = Debug;
		};
		5CE3AABB245853A600B33CEF /* Release */ = {
			isa = XCBuildConfiguration;
			buildSettings = {
				ASSETCATALOG_COMPILER_APPICON_NAME = AppIcon;
				CODE_SIGN_STYLE = Automatic;
				DEVELOPMENT_TEAM = 52CL477F5B;
				INFOPLIST_FILE = TheMovieDB/Info.plist;
				LD_RUNPATH_SEARCH_PATHS = (
					"$(inherited)",
					"@executable_path/Frameworks",
				);
				PRODUCT_BUNDLE_IDENTIFIER = com.parallaxspaces.TheMovieDB;
				PRODUCT_NAME = "$(TARGET_NAME)";
				SWIFT_VERSION = 5.0;
				TARGETED_DEVICE_FAMILY = "1,2";
			};
			name = Release;
		};
		5CE3AABD245853A600B33CEF /* Debug */ = {
			isa = XCBuildConfiguration;
			buildSettings = {
				ALWAYS_EMBED_SWIFT_STANDARD_LIBRARIES = YES;
				BUNDLE_LOADER = "$(TEST_HOST)";
				CODE_SIGN_STYLE = Automatic;
				DEVELOPMENT_TEAM = 52CL477F5B;
				INFOPLIST_FILE = TheMovieDBTests/Info.plist;
				IPHONEOS_DEPLOYMENT_TARGET = 13.2;
				LD_RUNPATH_SEARCH_PATHS = (
					"$(inherited)",
					"@executable_path/Frameworks",
					"@loader_path/Frameworks",
				);
				PRODUCT_BUNDLE_IDENTIFIER = com.parallaxspaces.TheMovieDBTests;
				PRODUCT_NAME = "$(TARGET_NAME)";
				SWIFT_VERSION = 5.0;
				TARGETED_DEVICE_FAMILY = "1,2";
				TEST_HOST = "$(BUILT_PRODUCTS_DIR)/TheMovieDB.app/TheMovieDB";
			};
			name = Debug;
		};
		5CE3AABE245853A600B33CEF /* Release */ = {
			isa = XCBuildConfiguration;
			buildSettings = {
				ALWAYS_EMBED_SWIFT_STANDARD_LIBRARIES = YES;
				BUNDLE_LOADER = "$(TEST_HOST)";
				CODE_SIGN_STYLE = Automatic;
				DEVELOPMENT_TEAM = 52CL477F5B;
				INFOPLIST_FILE = TheMovieDBTests/Info.plist;
				IPHONEOS_DEPLOYMENT_TARGET = 13.2;
				LD_RUNPATH_SEARCH_PATHS = (
					"$(inherited)",
					"@executable_path/Frameworks",
					"@loader_path/Frameworks",
				);
				PRODUCT_BUNDLE_IDENTIFIER = com.parallaxspaces.TheMovieDBTests;
				PRODUCT_NAME = "$(TARGET_NAME)";
				SWIFT_VERSION = 5.0;
				TARGETED_DEVICE_FAMILY = "1,2";
				TEST_HOST = "$(BUILT_PRODUCTS_DIR)/TheMovieDB.app/TheMovieDB";
			};
			name = Release;
		};
		5CE3AAC0245853A600B33CEF /* Debug */ = {
			isa = XCBuildConfiguration;
			buildSettings = {
				ALWAYS_EMBED_SWIFT_STANDARD_LIBRARIES = YES;
				CODE_SIGN_STYLE = Automatic;
				DEVELOPMENT_TEAM = 52CL477F5B;
				INFOPLIST_FILE = TheMovieDBUITests/Info.plist;
				LD_RUNPATH_SEARCH_PATHS = (
					"$(inherited)",
					"@executable_path/Frameworks",
					"@loader_path/Frameworks",
				);
				PRODUCT_BUNDLE_IDENTIFIER = com.parallaxspaces.TheMovieDBUITests;
				PRODUCT_NAME = "$(TARGET_NAME)";
				SWIFT_VERSION = 5.0;
				TARGETED_DEVICE_FAMILY = "1,2";
				TEST_TARGET_NAME = TheMovieDB;
			};
			name = Debug;
		};
		5CE3AAC1245853A600B33CEF /* Release */ = {
			isa = XCBuildConfiguration;
			buildSettings = {
				ALWAYS_EMBED_SWIFT_STANDARD_LIBRARIES = YES;
				CODE_SIGN_STYLE = Automatic;
				DEVELOPMENT_TEAM = 52CL477F5B;
				INFOPLIST_FILE = TheMovieDBUITests/Info.plist;
				LD_RUNPATH_SEARCH_PATHS = (
					"$(inherited)",
					"@executable_path/Frameworks",
					"@loader_path/Frameworks",
				);
				PRODUCT_BUNDLE_IDENTIFIER = com.parallaxspaces.TheMovieDBUITests;
				PRODUCT_NAME = "$(TARGET_NAME)";
				SWIFT_VERSION = 5.0;
				TARGETED_DEVICE_FAMILY = "1,2";
				TEST_TARGET_NAME = TheMovieDB;
			};
			name = Release;
		};
/* End XCBuildConfiguration section */

/* Begin XCConfigurationList section */
		5CE3AA8A245853A400B33CEF /* Build configuration list for PBXProject "TheMovieDB" */ = {
			isa = XCConfigurationList;
			buildConfigurations = (
				5CE3AAB7245853A600B33CEF /* Debug */,
				5CE3AAB8245853A600B33CEF /* Release */,
			);
			defaultConfigurationIsVisible = 0;
			defaultConfigurationName = Release;
		};
		5CE3AAB9245853A600B33CEF /* Build configuration list for PBXNativeTarget "TheMovieDB" */ = {
			isa = XCConfigurationList;
			buildConfigurations = (
				5CE3AABA245853A600B33CEF /* Debug */,
				5CE3AABB245853A600B33CEF /* Release */,
			);
			defaultConfigurationIsVisible = 0;
			defaultConfigurationName = Release;
		};
		5CE3AABC245853A600B33CEF /* Build configuration list for PBXNativeTarget "TheMovieDBTests" */ = {
			isa = XCConfigurationList;
			buildConfigurations = (
				5CE3AABD245853A600B33CEF /* Debug */,
				5CE3AABE245853A600B33CEF /* Release */,
			);
			defaultConfigurationIsVisible = 0;
			defaultConfigurationName = Release;
		};
		5CE3AABF245853A600B33CEF /* Build configuration list for PBXNativeTarget "TheMovieDBUITests" */ = {
			isa = XCConfigurationList;
			buildConfigurations = (
				5CE3AAC0245853A600B33CEF /* Debug */,
				5CE3AAC1245853A600B33CEF /* Release */,
			);
			defaultConfigurationIsVisible = 0;
			defaultConfigurationName = Release;
		};
/* End XCConfigurationList section */
	};
	rootObject = 5CE3AA87245853A400B33CEF /* Project object */;
}
